// !$*UTF8*$!
{
	archiveVersion = 1;
	classes = {
	};
	objectVersion = 46;
	objects = {

/* Begin PBXBuildFile section */
		3E09E5B5172139CB000A5486 /* AppDelegate.mm in Sources */ = {isa = PBXBuildFile; fileRef = 3E09E5B4172139CB000A5486 /* AppDelegate.mm */; };
		3E25000314C804E4009C6B8A /* UIKit.framework in Frameworks */ = {isa = PBXBuildFile; fileRef = 3E25000214C804E4009C6B8A /* UIKit.framework */; };
		3E25000514C804E4009C6B8A /* Foundation.framework in Frameworks */ = {isa = PBXBuildFile; fileRef = 3E25000414C804E4009C6B8A /* Foundation.framework */; };
		3E25001114C804E4009C6B8A /* InfoPlist.strings in Resources */ = {isa = PBXBuildFile; fileRef = 3E25000F14C804E4009C6B8A /* InfoPlist.strings */; };
		3E25001314C804E4009C6B8A /* main.m in Sources */ = {isa = PBXBuildFile; fileRef = 3E25001214C804E4009C6B8A /* main.m */; };
		3E25002A14C80673009C6B8A /* GLView.mm in Sources */ = {isa = PBXBuildFile; fileRef = 3E25002914C80673009C6B8A /* GLView.mm */; };
		3E25002C14C80E2F009C6B8A /* OpenGLES.framework in Frameworks */ = {isa = PBXBuildFile; fileRef = 3E25002B14C80E2F009C6B8A /* OpenGLES.framework */; };
		3E25002E14C80E3C009C6B8A /* QuartzCore.framework in Frameworks */ = {isa = PBXBuildFile; fileRef = 3E25002D14C80E3C009C6B8A /* QuartzCore.framework */; };
		3E25003014C80E67009C6B8A /* CoreGraphics.framework in Frameworks */ = {isa = PBXBuildFile; fileRef = 3E25002F14C80E67009C6B8A /* CoreGraphics.framework */; };
		3E25003314C8166A009C6B8A /* RenderingEngine1.cpp in Sources */ = {isa = PBXBuildFile; fileRef = 3E25003214C8166A009C6B8A /* RenderingEngine1.cpp */; };
		3E6C6764172149E800939D63 /* Simple.frag in Sources */ = {isa = PBXBuildFile; fileRef = 3E6C6763172149E800939D63 /* Simple.frag */; };
		3E6C676617214BD400939D63 /* RenderingEngine2.cpp in Sources */ = {isa = PBXBuildFile; fileRef = 3E6C676517214BD400939D63 /* RenderingEngine2.cpp */; };
/* End PBXBuildFile section */

/* Begin PBXFileReference section */
		3E09E5B3172139CB000A5486 /* AppDelegate.h */ = {isa = PBXFileReference; fileEncoding = 4; lastKnownFileType = sourcecode.c.h; path = AppDelegate.h; sourceTree = "<group>"; };
		3E09E5B4172139CB000A5486 /* AppDelegate.mm */ = {isa = PBXFileReference; fileEncoding = 4; lastKnownFileType = sourcecode.cpp.objcpp; path = AppDelegate.mm; sourceTree = "<group>"; };
		3E25000214C804E4009C6B8A /* UIKit.framework */ = {isa = PBXFileReference; lastKnownFileType = wrapper.framework; name = UIKit.framework; path = System/Library/Frameworks/UIKit.framework; sourceTree = SDKROOT; };
		3E25000414C804E4009C6B8A /* Foundation.framework */ = {isa = PBXFileReference; lastKnownFileType = wrapper.framework; name = Foundation.framework; path = System/Library/Frameworks/Foundation.framework; sourceTree = SDKROOT; };
		3E25000E14C804E4009C6B8A /* HelloArrow-Info.plist */ = {isa = PBXFileReference; lastKnownFileType = text.plist.xml; path = "HelloArrow-Info.plist"; sourceTree = "<group>"; };
		3E25001014C804E4009C6B8A /* en */ = {isa = PBXFileReference; lastKnownFileType = text.plist.strings; name = en; path = en.lproj/InfoPlist.strings; sourceTree = "<group>"; };
		3E25001214C804E4009C6B8A /* main.m */ = {isa = PBXFileReference; lastKnownFileType = sourcecode.c.objc; path = main.m; sourceTree = "<group>"; };
		3E25001414C804E4009C6B8A /* HelloArrow-Prefix.pch */ = {isa = PBXFileReference; lastKnownFileType = sourcecode.c.h; path = "HelloArrow-Prefix.pch"; sourceTree = "<group>"; };
		3E25002814C80673009C6B8A /* GLView.h */ = {isa = PBXFileReference; fileEncoding = 4; lastKnownFileType = sourcecode.c.h; path = GLView.h; sourceTree = "<group>"; };
		3E25002914C80673009C6B8A /* GLView.mm */ = {isa = PBXFileReference; fileEncoding = 4; lastKnownFileType = sourcecode.cpp.objcpp; path = GLView.mm; sourceTree = "<group>"; };
		3E25002B14C80E2F009C6B8A /* OpenGLES.framework */ = {isa = PBXFileReference; lastKnownFileType = wrapper.framework; name = OpenGLES.framework; path = System/Library/Frameworks/OpenGLES.framework; sourceTree = SDKROOT; };
		3E25002D14C80E3C009C6B8A /* QuartzCore.framework */ = {isa = PBXFileReference; lastKnownFileType = wrapper.framework; name = QuartzCore.framework; path = System/Library/Frameworks/QuartzCore.framework; sourceTree = SDKROOT; };
		3E25002F14C80E67009C6B8A /* CoreGraphics.framework */ = {isa = PBXFileReference; lastKnownFileType = wrapper.framework; name = CoreGraphics.framework; path = System/Library/Frameworks/CoreGraphics.framework; sourceTree = SDKROOT; };
		3E25003114C81042009C6B8A /* IRenderingEngine.hpp */ = {isa = PBXFileReference; fileEncoding = 4; lastKnownFileType = sourcecode.cpp.h; path = IRenderingEngine.hpp; sourceTree = "<group>"; };
		3E25003214C8166A009C6B8A /* RenderingEngine1.cpp */ = {isa = PBXFileReference; fileEncoding = 4; lastKnownFileType = sourcecode.cpp.cpp; path = RenderingEngine1.cpp; sourceTree = "<group>"; };
		3E25FFFE14C804E3009C6B8A /* HelloArrow.app */ = {isa = PBXFileReference; explicitFileType = wrapper.application; includeInIndex = 0; path = HelloArrow.app; sourceTree = BUILT_PRODUCTS_DIR; };
		3E6C6762172149CE00939D63 /* Simple.vert */ = {isa = PBXFileReference; lastKnownFileType = sourcecode.glsl; path = Simple.vert; sourceTree = "<group>"; };
		3E6C6763172149E800939D63 /* Simple.frag */ = {isa = PBXFileReference; fileEncoding = 4; lastKnownFileType = sourcecode.glsl; path = Simple.frag; sourceTree = "<group>"; };
		3E6C676517214BD400939D63 /* RenderingEngine2.cpp */ = {isa = PBXFileReference; fileEncoding = 4; lastKnownFileType = sourcecode.cpp.cpp; path = RenderingEngine2.cpp; sourceTree = "<group>"; };
/* End PBXFileReference section */

/* Begin PBXFrameworksBuildPhase section */
		3E25FFFB14C804E3009C6B8A /* Frameworks */ = {
			isa = PBXFrameworksBuildPhase;
			buildActionMask = 2147483647;
			files = (
				3E25003014C80E67009C6B8A /* CoreGraphics.framework in Frameworks */,
				3E25002E14C80E3C009C6B8A /* QuartzCore.framework in Frameworks */,
				3E25002C14C80E2F009C6B8A /* OpenGLES.framework in Frameworks */,
				3E25000314C804E4009C6B8A /* UIKit.framework in Frameworks */,
				3E25000514C804E4009C6B8A /* Foundation.framework in Frameworks */,
			);
			runOnlyForDeploymentPostprocessing = 0;
		};
/* End PBXFrameworksBuildPhase section */

/* Begin PBXGroup section */
		3E25000114C804E4009C6B8A /* Frameworks */ = {
			isa = PBXGroup;
			children = (
				3E25002F14C80E67009C6B8A /* CoreGraphics.framework */,
				3E25002D14C80E3C009C6B8A /* QuartzCore.framework */,
				3E25002B14C80E2F009C6B8A /* OpenGLES.framework */,
				3E25000214C804E4009C6B8A /* UIKit.framework */,
				3E25000414C804E4009C6B8A /* Foundation.framework */,
			);
			name = Frameworks;
			sourceTree = "<group>";
		};
		3E25000C14C804E4009C6B8A /* HelloArrow */ = {
			isa = PBXGroup;
			children = (
				3E09E5B3172139CB000A5486 /* AppDelegate.h */,
				3E09E5B4172139CB000A5486 /* AppDelegate.mm */,
				3E25000D14C804E4009C6B8A /* Supporting Files */,
			);
			path = HelloArrow;
			sourceTree = "<group>";
		};
		3E25000D14C804E4009C6B8A /* Supporting Files */ = {
			isa = PBXGroup;
			children = (
				3E25000E14C804E4009C6B8A /* HelloArrow-Info.plist */,
				3E25000F14C804E4009C6B8A /* InfoPlist.strings */,
				3E25001214C804E4009C6B8A /* main.m */,
				3E25001414C804E4009C6B8A /* HelloArrow-Prefix.pch */,
			);
			name = "Supporting Files";
			sourceTree = "<group>";
		};
		3E25002714C80663009C6B8A /* GL */ = {
			isa = PBXGroup;
			children = (
				3E25002814C80673009C6B8A /* GLView.h */,
				3E25002914C80673009C6B8A /* GLView.mm */,
				3E25003114C81042009C6B8A /* IRenderingEngine.hpp */,
				3E25003214C8166A009C6B8A /* RenderingEngine1.cpp */,
				3E6C676517214BD400939D63 /* RenderingEngine2.cpp */,
			);
			name = GL;
			path = HelloArrow/GL;
			sourceTree = "<group>";
		};
		3E25FFF314C804E3009C6B8A = {
			isa = PBXGroup;
			children = (
				3E6C6761172149B900939D63 /* Shaders */,
				3E25002714C80663009C6B8A /* GL */,
				3E25000C14C804E4009C6B8A /* HelloArrow */,
				3E25000114C804E4009C6B8A /* Frameworks */,
				3E25FFFF14C804E3009C6B8A /* Products */,
			);
			sourceTree = "<group>";
		};
		3E25FFFF14C804E3009C6B8A /* Products */ = {
			isa = PBXGroup;
			children = (
				3E25FFFE14C804E3009C6B8A /* HelloArrow.app */,
			);
			name = Products;
			sourceTree = "<group>";
		};
		3E6C6761172149B900939D63 /* Shaders */ = {
			isa = PBXGroup;
			children = (
				3E6C6762172149CE00939D63 /* Simple.vert */,
				3E6C6763172149E800939D63 /* Simple.frag */,
			);
			name = Shaders;
			path = HelloArrow/Shaders;
			sourceTree = "<group>";
		};
/* End PBXGroup section */

/* Begin PBXNativeTarget section */
		3E25FFFD14C804E3009C6B8A /* HelloArrow */ = {
			isa = PBXNativeTarget;
			buildConfigurationList = 3E25002414C804E4009C6B8A /* Build configuration list for PBXNativeTarget "HelloArrow" */;
			buildPhases = (
				3E25FFFA14C804E3009C6B8A /* Sources */,
				3E25FFFB14C804E3009C6B8A /* Frameworks */,
				3E25FFFC14C804E3009C6B8A /* Resources */,
			);
			buildRules = (
			);
			dependencies = (
			);
			name = HelloArrow;
			productName = HelloArrow;
			productReference = 3E25FFFE14C804E3009C6B8A /* HelloArrow.app */;
			productType = "com.apple.product-type.application";
		};
/* End PBXNativeTarget section */

/* Begin PBXProject section */
		3E25FFF514C804E3009C6B8A /* Project object */ = {
			isa = PBXProject;
			attributes = {
				LastUpgradeCheck = 0420;
			};
			buildConfigurationList = 3E25FFF814C804E3009C6B8A /* Build configuration list for PBXProject "HelloArrow" */;
			compatibilityVersion = "Xcode 3.2";
			developmentRegion = English;
			hasScannedForEncodings = 0;
			knownRegions = (
				en,
			);
			mainGroup = 3E25FFF314C804E3009C6B8A;
			productRefGroup = 3E25FFFF14C804E3009C6B8A /* Products */;
			projectDirPath = "";
			projectRoot = "";
			targets = (
				3E25FFFD14C804E3009C6B8A /* HelloArrow */,
			);
		};
/* End PBXProject section */

/* Begin PBXResourcesBuildPhase section */
		3E25FFFC14C804E3009C6B8A /* Resources */ = {
			isa = PBXResourcesBuildPhase;
			buildActionMask = 2147483647;
			files = (
				3E25001114C804E4009C6B8A /* InfoPlist.strings in Resources */,
			);
			runOnlyForDeploymentPostprocessing = 0;
		};
/* End PBXResourcesBuildPhase section */

/* Begin PBXSourcesBuildPhase section */
		3E25FFFA14C804E3009C6B8A /* Sources */ = {
			isa = PBXSourcesBuildPhase;
			buildActionMask = 2147483647;
			files = (
				3E25001314C804E4009C6B8A /* main.m in Sources */,
				3E25002A14C80673009C6B8A /* GLView.mm in Sources */,
				3E25003314C8166A009C6B8A /* RenderingEngine1.cpp in Sources */,
				3E09E5B5172139CB000A5486 /* AppDelegate.mm in Sources */,
				3E6C6764172149E800939D63 /* Simple.frag in Sources */,
				3E6C676617214BD400939D63 /* RenderingEngine2.cpp in Sources */,
			);
			runOnlyForDeploymentPostprocessing = 0;
		};
/* End PBXSourcesBuildPhase section */

/* Begin PBXVariantGroup section */
		3E25000F14C804E4009C6B8A /* InfoPlist.strings */ = {
			isa = PBXVariantGroup;
			children = (
				3E25001014C804E4009C6B8A /* en */,
			);
			name = InfoPlist.strings;
			sourceTree = "<group>";
		};
/* End PBXVariantGroup section */

/* Begin XCBuildConfiguration section */
		3E25002214C804E4009C6B8A /* Debug */ = {
			isa = XCBuildConfiguration;
			buildSettings = {
				ALWAYS_SEARCH_USER_PATHS = NO;
				ARCHS = "$(ARCHS_STANDARD_32_BIT)";
				"CODE_SIGN_IDENTITY[sdk=iphoneos*]" = "iPhone Developer";
				COPY_PHASE_STRIP = NO;
				GCC_C_LANGUAGE_STANDARD = gnu99;
				GCC_DYNAMIC_NO_PIC = NO;
				GCC_OPTIMIZATION_LEVEL = 0;
				GCC_PREPROCESSOR_DEFINITIONS = (
					"DEBUG=1",
					"$(inherited)",
				);
				GCC_SYMBOLS_PRIVATE_EXTERN = NO;
				GCC_VERSION = com.apple.compilers.llvm.clang.1_0;
				GCC_WARN_ABOUT_MISSING_PROTOTYPES = YES;
				GCC_WARN_ABOUT_RETURN_TYPE = YES;
				GCC_WARN_UNUSED_VARIABLE = YES;
				IPHONEOS_DEPLOYMENT_TARGET = 5.0;
				SDKROOT = iphoneos;
			};
			name = Debug;
		};
		3E25002314C804E4009C6B8A /* Release */ = {
			isa = XCBuildConfiguration;
			buildSettings = {
				ALWAYS_SEARCH_USER_PATHS = NO;
				ARCHS = "$(ARCHS_STANDARD_32_BIT)";
				"CODE_SIGN_IDENTITY[sdk=iphoneos*]" = "iPhone Developer";
				COPY_PHASE_STRIP = YES;
				GCC_C_LANGUAGE_STANDARD = gnu99;
				GCC_VERSION = com.apple.compilers.llvm.clang.1_0;
				GCC_WARN_ABOUT_MISSING_PROTOTYPES = YES;
				GCC_WARN_ABOUT_RETURN_TYPE = YES;
				GCC_WARN_UNUSED_VARIABLE = YES;
				IPHONEOS_DEPLOYMENT_TARGET = 5.0;
				OTHER_CFLAGS = "-DNS_BLOCK_ASSERTIONS=1";
				SDKROOT = iphoneos;
				VALIDATE_PRODUCT = YES;
			};
			name = Release;
		};
		3E25002514C804E4009C6B8A /* Debug */ = {
			isa = XCBuildConfiguration;
			buildSettings = {
				ARCHS = (
					armv6,
					armv7,
				);
				CODE_SIGN_IDENTITY = "iPhone Developer: fish Magic (7SX5EZKZK4)";
				GCC_PRECOMPILE_PREFIX_HEADER = YES;
				GCC_PREFIX_HEADER = "HelloArrow/HelloArrow-Prefix.pch";
				"GCC_THUMB_SUPPORT[arch=armv6]" = "";
				GCC_VERSION = "";
				INFOPLIST_FILE = "HelloArrow/HelloArrow-Info.plist";
				IPHONEOS_DEPLOYMENT_TARGET = 4.0;
				PRODUCT_NAME = "$(TARGET_NAME)";
				PROVISIONING_PROFILE = "023D8DC7-A0E6-4EFB-945B-9C5B83814C02";
				WRAPPER_EXTENSION = app;
			};
			name = Debug;
		};
		3E25002614C804E4009C6B8A /* Release */ = {
			isa = XCBuildConfiguration;
			buildSettings = {
				ARCHS = (
					armv6,
					armv7,
				);
				CODE_SIGN_IDENTITY = "iPhone Developer: fish Magic (7SX5EZKZK4)";
				GCC_PRECOMPILE_PREFIX_HEADER = YES;
				GCC_PREFIX_HEADER = "HelloArrow/HelloArrow-Prefix.pch";
				"GCC_THUMB_SUPPORT[arch=armv6]" = "";
				GCC_VERSION = "";
				INFOPLIST_FILE = "HelloArrow/HelloArrow-Info.plist";
				IPHONEOS_DEPLOYMENT_TARGET = 4.0;
				PRODUCT_NAME = "$(TARGET_NAME)";
				PROVISIONING_PROFILE = "023D8DC7-A0E6-4EFB-945B-9C5B83814C02";
				WRAPPER_EXTENSION = app;
			};
			name = Release;
		};
/* End XCBuildConfiguration section */

/* Begin XCConfigurationList section */
		3E25002414C804E4009C6B8A /* Build configuration list for PBXNativeTarget "HelloArrow" */ = {
			isa = XCConfigurationList;
			buildConfigurations = (
				3E25002514C804E4009C6B8A /* Debug */,
				3E25002614C804E4009C6B8A /* Release */,
			);
			defaultConfigurationIsVisible = 0;
			defaultConfigurationName = Release;
		};
		3E25FFF814C804E3009C6B8A /* Build configuration list for PBXProject "HelloArrow" */ = {
			isa = XCConfigurationList;
			buildConfigurations = (
				3E25002214C804E4009C6B8A /* Debug */,
				3E25002314C804E4009C6B8A /* Release */,
			);
			defaultConfigurationIsVisible = 0;
			defaultConfigurationName = Release;
		};
/* End XCConfigurationList section */
	};
	rootObject = 3E25FFF514C804E3009C6B8A /* Project object */;
}
